
Microsoft Visual Studio Solution File, Format Version 12.00
# Visual Studio Version 17
VisualStudioVersion = 17.12.35527.113
MinimumVisualStudioVersion = 10.0.40219.1
Project("{2150E333-8FDC-42A3-9474-1A3956D46DE8}") = "src", "src", "{F9FBE716-CB48-4EC9-B8FC-50618220AA60}"
EndProject
Project("{2150E333-8FDC-42A3-9474-1A3956D46DE8}") = "03-EndPoints", "03-EndPoints", "{1C3F31DE-D7F1-4E93-AD86-A75724190902}"
EndProject
Project("{2150E333-8FDC-42A3-9474-1A3956D46DE8}") = "02-Infrastructures", "02-Infrastructures", "{BE6B072B-AFA3-45F6-A328-B90DC36D9ACA}"
EndProject
Project("{2150E333-8FDC-42A3-9474-1A3956D46DE8}") = "0.Framework", "0.Framework", "{B4254845-4732-44AB-B24C-6AB5FD90EA6D}"
EndProject
Project("{2150E333-8FDC-42A3-9474-1A3956D46DE8}") = "01-Domain", "01-Domain", "{DBF2AE96-18E3-4680-851E-3F3DA25BFA2F}"
EndProject
Project("{FAE04EC0-301F-11D3-BF4B-00C04F79EFBC}") = "Framework", "src\0.Framework\Framework\Framework.csproj", "{19A30412-B6F1-42FE-A72D-D340B7E3D346}"
EndProject
Project("{2150E333-8FDC-42A3-9474-1A3956D46DE8}") = "Core", "Core", "{82BA428D-85FF-40E8-9E3B-086B657F4602}"
EndProject
Project("{2150E333-8FDC-42A3-9474-1A3956D46DE8}") = "Services", "Services", "{2D2A1989-DCC1-489A-B5E5-D5C3DC410284}"
EndProject
Project("{FAE04EC0-301F-11D3-BF4B-00C04F79EFBC}") = "App.Domain.Core", "src\01-Domain\Core\App.Domain.Core\App.Domain.Core.csproj", "{86B8A6FC-0264-41BB-82C6-C790FDADEBAA}"
EndProject
Project("{FAE04EC0-301F-11D3-BF4B-00C04F79EFBC}") = "App.Domain.AppServices", "src\01-Domain\Services\App.Domain.AppServices\App.Domain.AppServices.csproj", "{FA8C5522-107B-41D3-8A9B-398A80708F24}"
EndProject
Project("{FAE04EC0-301F-11D3-BF4B-00C04F79EFBC}") = "App.Domain.Services", "src\01-Domain\Services\App.Domain.Services\App.Domain.Services.csproj", "{6A1A1BA3-8391-4F9E-85CB-74726C1ADE63}"
EndProject
Project("{2150E333-8FDC-42A3-9474-1A3956D46DE8}") = "DataAccess", "DataAccess", "{7319FBF8-A1A4-4505-910C-EC4CEB726360}"
EndProject
Project("{2150E333-8FDC-42A3-9474-1A3956D46DE8}") = "Db", "Db", "{326D3531-AF4E-4427-A7A2-07A4D8337A1F}"
EndProject
Project("{FAE04EC0-301F-11D3-BF4B-00C04F79EFBC}") = "App.Infra.Data.Repos.Ef", "src\02-Infrastructures\DataAccess\App.Infra.Data.Repos.Ef\App.Infra.Data.Repos.Ef.csproj", "{1EE876AE-919A-4489-A030-115053BC97C0}"
EndProject
Project("{FAE04EC0-301F-11D3-BF4B-00C04F79EFBC}") = "App.Infra.Data.Db.SqlServer.Ef", "src\02-Infrastructures\Db\App.Infra.Data.Db.SqlServer.Ef\App.Infra.Data.Db.SqlServer.Ef.csproj", "{2ED51743-407D-4F63-AE1F-34A918311F26}"
EndProject
Project("{FAE04EC0-301F-11D3-BF4B-00C04F79EFBC}") = "App.EndPoints.Mvc.Car", "src\03-EndPoints\App.EndPoints.Mvc.Car\App.EndPoints.Mvc.Car.csproj", "{D341B959-9CDA-4018-B48A-2ACF7F61FAAA}"
EndProject
Project("{FAE04EC0-301F-11D3-BF4B-00C04F79EFBC}") = "App.EndPoints.Api.Car", "App.EndPoints.Api.Car\App.EndPoints.Api.Car.csproj", "{663D9D3C-CABD-420D-9C63-330B9EA97CFD}"
EndProject
Global
	GlobalSection(SolutionConfigurationPlatforms) = preSolution
		Debug|Any CPU = Debug|Any CPU
		Release|Any CPU = Release|Any CPU
	EndGlobalSection
	GlobalSection(ProjectConfigurationPlatforms) = postSolution
		{19A30412-B6F1-42FE-A72D-D340B7E3D346}.Debug|Any CPU.ActiveCfg = Debug|Any CPU
		{19A30412-B6F1-42FE-A72D-D340B7E3D346}.Debug|Any CPU.Build.0 = Debug|Any CPU
		{19A30412-B6F1-42FE-A72D-D340B7E3D346}.Release|Any CPU.ActiveCfg = Release|Any CPU
		{19A30412-B6F1-42FE-A72D-D340B7E3D346}.Release|Any CPU.Build.0 = Release|Any CPU
		{86B8A6FC-0264-41BB-82C6-C790FDADEBAA}.Debug|Any CPU.ActiveCfg = Debug|Any CPU
		{86B8A6FC-0264-41BB-82C6-C790FDADEBAA}.Debug|Any CPU.Build.0 = Debug|Any CPU
		{86B8A6FC-0264-41BB-82C6-C790FDADEBAA}.Release|Any CPU.ActiveCfg = Release|Any CPU
		{86B8A6FC-0264-41BB-82C6-C790FDADEBAA}.Release|Any CPU.Build.0 = Release|Any CPU
		{FA8C5522-107B-41D3-8A9B-398A80708F24}.Debug|Any CPU.ActiveCfg = Debug|Any CPU
		{FA8C5522-107B-41D3-8A9B-398A80708F24}.Debug|Any CPU.Build.0 = Debug|Any CPU
		{FA8C5522-107B-41D3-8A9B-398A80708F24}.Release|Any CPU.ActiveCfg = Release|Any CPU
		{FA8C5522-107B-41D3-8A9B-398A80708F24}.Release|Any CPU.Build.0 = Release|Any CPU
		{6A1A1BA3-8391-4F9E-85CB-74726C1ADE63}.Debug|Any CPU.ActiveCfg = Debug|Any CPU
		{6A1A1BA3-8391-4F9E-85CB-74726C1ADE63}.Debug|Any CPU.Build.0 = Debug|Any CPU
		{6A1A1BA3-8391-4F9E-85CB-74726C1ADE63}.Release|Any CPU.ActiveCfg = Release|Any CPU
		{6A1A1BA3-8391-4F9E-85CB-74726C1ADE63}.Release|Any CPU.Build.0 = Release|Any CPU
		{1EE876AE-919A-4489-A030-115053BC97C0}.Debug|Any CPU.ActiveCfg = Debug|Any CPU
		{1EE876AE-919A-4489-A030-115053BC97C0}.Debug|Any CPU.Build.0 = Debug|Any CPU
		{1EE876AE-919A-4489-A030-115053BC97C0}.Release|Any CPU.ActiveCfg = Release|Any CPU
		{1EE876AE-919A-4489-A030-115053BC97C0}.Release|Any CPU.Build.0 = Release|Any CPU
		{2ED51743-407D-4F63-AE1F-34A918311F26}.Debug|Any CPU.ActiveCfg = Debug|Any CPU
		{2ED51743-407D-4F63-AE1F-34A918311F26}.Debug|Any CPU.Build.0 = Debug|Any CPU
		{2ED51743-407D-4F63-AE1F-34A918311F26}.Release|Any CPU.ActiveCfg = Release|Any CPU
		{2ED51743-407D-4F63-AE1F-34A918311F26}.Release|Any CPU.Build.0 = Release|Any CPU
		{D341B959-9CDA-4018-B48A-2ACF7F61FAAA}.Debug|Any CPU.ActiveCfg = Debug|Any CPU
		{D341B959-9CDA-4018-B48A-2ACF7F61FAAA}.Debug|Any CPU.Build.0 = Debug|Any CPU
		{D341B959-9CDA-4018-B48A-2ACF7F61FAAA}.Release|Any CPU.ActiveCfg = Release|Any CPU
		{D341B959-9CDA-4018-B48A-2ACF7F61FAAA}.Release|Any CPU.Build.0 = Release|Any CPU
		{663D9D3C-CABD-420D-9C63-330B9EA97CFD}.Debug|Any CPU.ActiveCfg = Debug|Any CPU
		{663D9D3C-CABD-420D-9C63-330B9EA97CFD}.Debug|Any CPU.Build.0 = Debug|Any CPU
		{663D9D3C-CABD-420D-9C63-330B9EA97CFD}.Release|Any CPU.ActiveCfg = Release|Any CPU
		{663D9D3C-CABD-420D-9C63-330B9EA97CFD}.Release|Any CPU.Build.0 = Release|Any CPU
	EndGlobalSection
	GlobalSection(SolutionProperties) = preSolution
		HideSolutionNode = FALSE
	EndGlobalSection
	GlobalSection(NestedProjects) = preSolution
		{1C3F31DE-D7F1-4E93-AD86-A75724190902} = {F9FBE716-CB48-4EC9-B8FC-50618220AA60}
		{BE6B072B-AFA3-45F6-A328-B90DC36D9ACA} = {F9FBE716-CB48-4EC9-B8FC-50618220AA60}
		{B4254845-4732-44AB-B24C-6AB5FD90EA6D} = {F9FBE716-CB48-4EC9-B8FC-50618220AA60}
		{DBF2AE96-18E3-4680-851E-3F3DA25BFA2F} = {F9FBE716-CB48-4EC9-B8FC-50618220AA60}
		{19A30412-B6F1-42FE-A72D-D340B7E3D346} = {B4254845-4732-44AB-B24C-6AB5FD90EA6D}
		{82BA428D-85FF-40E8-9E3B-086B657F4602} = {DBF2AE96-18E3-4680-851E-3F3DA25BFA2F}
		{2D2A1989-DCC1-489A-B5E5-D5C3DC410284} = {DBF2AE96-18E3-4680-851E-3F3DA25BFA2F}
		{86B8A6FC-0264-41BB-82C6-C790FDADEBAA} = {82BA428D-85FF-40E8-9E3B-086B657F4602}
		{FA8C5522-107B-41D3-8A9B-398A80708F24} = {2D2A1989-DCC1-489A-B5E5-D5C3DC410284}
		{6A1A1BA3-8391-4F9E-85CB-74726C1ADE63} = {2D2A1989-DCC1-489A-B5E5-D5C3DC410284}
		{7319FBF8-A1A4-4505-910C-EC4CEB726360} = {BE6B072B-AFA3-45F6-A328-B90DC36D9ACA}
		{326D3531-AF4E-4427-A7A2-07A4D8337A1F} = {BE6B072B-AFA3-45F6-A328-B90DC36D9ACA}
		{1EE876AE-919A-4489-A030-115053BC97C0} = {7319FBF8-A1A4-4505-910C-EC4CEB726360}
		{2ED51743-407D-4F63-AE1F-34A918311F26} = {326D3531-AF4E-4427-A7A2-07A4D8337A1F}
		{D341B959-9CDA-4018-B48A-2ACF7F61FAAA} = {1C3F31DE-D7F1-4E93-AD86-A75724190902}
		{663D9D3C-CABD-420D-9C63-330B9EA97CFD} = {1C3F31DE-D7F1-4E93-AD86-A75724190902}
	EndGlobalSection
EndGlobal
